
Microsoft Visual Studio Solution File, Format Version 12.00
# Visual Studio Version 16
VisualStudioVersion = 16.0.29409.12
MinimumVisualStudioVersion = 10.0.40219.1
Project("{FAE04EC0-301F-11D3-BF4B-00C04F79EFBC}") = "RevitAddInTools", "RevitAddInTools\RevitAddInTools.csproj", "{DF745579-512A-4BAF-B079-60FBF7081FE0}"
EndProject
Global
	GlobalSection(SolutionConfigurationPlatforms) = preSolution
		Debug|Any CPU = Debug|Any CPU
		Release|Any CPU = Release|Any CPU
	EndGlobalSection
	GlobalSection(ProjectConfigurationPlatforms) = postSolution
		{DF745579-512A-4BAF-B079-60FBF7081FE0}.Debug|Any CPU.ActiveCfg = Debug|Any CPU
		{DF745579-512A-4BAF-B079-60FBF7081FE0}.Debug|Any CPU.Build.0 = Debug|Any CPU
		{DF745579-512A-4BAF-B079-60FBF7081FE0}.Release|Any CPU.ActiveCfg = Release|Any CPU
		{DF745579-512A-4BAF-B079-60FBF7081FE0}.Release|Any CPU.Build.0 = Release|Any CPU
	EndGlobalSection
	GlobalSection(SolutionProperties) = preSolution
		HideSolutionNode = FALSE
	EndGlobalSection
	GlobalSection(ExtensibilityGlobals) = postSolution
		SolutionGuid = {6EBA26D1-B3BA-414F-890E-5716CFBB2194}
	EndGlobalSection
EndGlobal
