
Microsoft Visual Studio Solution File, Format Version 12.00
# Visual Studio Version 16
VisualStudioVersion = 16.0.29409.12
MinimumVisualStudioVersion = 10.0.40219.1
Project("{FAE04EC0-301F-11D3-BF4B-00C04F79EFBC}") = "PurgeUnused", "PurgeUnused\PurgeUnused.csproj", "{1009D7B2-218F-4E99-B7F6-AD69AB7FB329}"
EndProject
Global
	GlobalSection(SolutionConfigurationPlatforms) = preSolution
		Debug|Any CPU = Debug|Any CPU
		Release|Any CPU = Release|Any CPU
	EndGlobalSection
	GlobalSection(ProjectConfigurationPlatforms) = postSolution
		{1009D7B2-218F-4E99-B7F6-AD69AB7FB329}.Debug|Any CPU.ActiveCfg = Debug|Any CPU
		{1009D7B2-218F-4E99-B7F6-AD69AB7FB329}.Debug|Any CPU.Build.0 = Debug|Any CPU
		{1009D7B2-218F-4E99-B7F6-AD69AB7FB329}.Release|Any CPU.ActiveCfg = Release|Any CPU
		{1009D7B2-218F-4E99-B7F6-AD69AB7FB329}.Release|Any CPU.Build.0 = Release|Any CPU
	EndGlobalSection
	GlobalSection(SolutionProperties) = preSolution
		HideSolutionNode = FALSE
	EndGlobalSection
	GlobalSection(ExtensibilityGlobals) = postSolution
		SolutionGuid = {CD8FBC7F-44E0-46C3-965D-E784FE3DD283}
	EndGlobalSection
EndGlobal
