
Microsoft Visual Studio Solution File, Format Version 12.00
# Visual Studio Version 16
VisualStudioVersion = 16.0.29409.12
MinimumVisualStudioVersion = 10.0.40219.1
Project("{FAE04EC0-301F-11D3-BF4B-00C04F79EFBC}") = "SelectFromList", "SelectFromList\SelectFromList.csproj", "{1D313283-D610-488D-95FD-63823EC4F525}"
EndProject
Global
	GlobalSection(SolutionConfigurationPlatforms) = preSolution
		Debug|Any CPU = Debug|Any CPU
		Release|Any CPU = Release|Any CPU
	EndGlobalSection
	GlobalSection(ProjectConfigurationPlatforms) = postSolution
		{1D313283-D610-488D-95FD-63823EC4F525}.Debug|Any CPU.ActiveCfg = Debug|Any CPU
		{1D313283-D610-488D-95FD-63823EC4F525}.Debug|Any CPU.Build.0 = Debug|Any CPU
		{1D313283-D610-488D-95FD-63823EC4F525}.Release|Any CPU.ActiveCfg = Release|Any CPU
		{1D313283-D610-488D-95FD-63823EC4F525}.Release|Any CPU.Build.0 = Release|Any CPU
	EndGlobalSection
	GlobalSection(SolutionProperties) = preSolution
		HideSolutionNode = FALSE
	EndGlobalSection
	GlobalSection(ExtensibilityGlobals) = postSolution
		SolutionGuid = {BD92E968-565B-423E-B906-61F09A888CF7}
	EndGlobalSection
EndGlobal
