
Microsoft Visual Studio Solution File, Format Version 12.00
# Visual Studio Version 16
VisualStudioVersion = 16.0.29409.12
MinimumVisualStudioVersion = 10.0.40219.1
Project("{FAE04EC0-301F-11D3-BF4B-00C04F79EFBC}") = "GetScheduleData", "GetScheduleData\GetScheduleData.csproj", "{D65ADCC7-2765-4BB6-ADBC-E32AF34E068E}"
EndProject
Global
	GlobalSection(SolutionConfigurationPlatforms) = preSolution
		Debug|Any CPU = Debug|Any CPU
		Release|Any CPU = Release|Any CPU
	EndGlobalSection
	GlobalSection(ProjectConfigurationPlatforms) = postSolution
		{D65ADCC7-2765-4BB6-ADBC-E32AF34E068E}.Debug|Any CPU.ActiveCfg = Debug|Any CPU
		{D65ADCC7-2765-4BB6-ADBC-E32AF34E068E}.Debug|Any CPU.Build.0 = Debug|Any CPU
		{D65ADCC7-2765-4BB6-ADBC-E32AF34E068E}.Release|Any CPU.ActiveCfg = Release|Any CPU
		{D65ADCC7-2765-4BB6-ADBC-E32AF34E068E}.Release|Any CPU.Build.0 = Release|Any CPU
	EndGlobalSection
	GlobalSection(SolutionProperties) = preSolution
		HideSolutionNode = FALSE
	EndGlobalSection
	GlobalSection(ExtensibilityGlobals) = postSolution
		SolutionGuid = {C1400EF9-63C3-4C5C-AF42-432359D71E30}
	EndGlobalSection
EndGlobal
