
Microsoft Visual Studio Solution File, Format Version 12.00
# Visual Studio Version 16
VisualStudioVersion = 16.0.29409.12
MinimumVisualStudioVersion = 10.0.40219.1
Project("{FAE04EC0-301F-11D3-BF4B-00C04F79EFBC}") = "BeamCoping", "BeamCoping\BeamCoping.csproj", "{2A4E357A-23F6-459D-892C-32B88549DD28}"
EndProject
Global
	GlobalSection(SolutionConfigurationPlatforms) = preSolution
		Debug|Any CPU = Debug|Any CPU
		Release|Any CPU = Release|Any CPU
	EndGlobalSection
	GlobalSection(ProjectConfigurationPlatforms) = postSolution
		{2A4E357A-23F6-459D-892C-32B88549DD28}.Debug|Any CPU.ActiveCfg = Debug|Any CPU
		{2A4E357A-23F6-459D-892C-32B88549DD28}.Debug|Any CPU.Build.0 = Debug|Any CPU
		{2A4E357A-23F6-459D-892C-32B88549DD28}.Release|Any CPU.ActiveCfg = Release|Any CPU
		{2A4E357A-23F6-459D-892C-32B88549DD28}.Release|Any CPU.Build.0 = Release|Any CPU
	EndGlobalSection
	GlobalSection(SolutionProperties) = preSolution
		HideSolutionNode = FALSE
	EndGlobalSection
	GlobalSection(ExtensibilityGlobals) = postSolution
		SolutionGuid = {C88E9A8D-0189-49D0-B462-01D0EF8622BC}
	EndGlobalSection
EndGlobal
