
Microsoft Visual Studio Solution File, Format Version 12.00
# Visual Studio Version 16
VisualStudioVersion = 16.0.29409.12
MinimumVisualStudioVersion = 10.0.40219.1
Project("{FAE04EC0-301F-11D3-BF4B-00C04F79EFBC}") = "PrintToPdf", "PrintToPdf\PrintToPdf.csproj", "{1BFE550D-D263-4CD6-87AD-030D89D3ED05}"
EndProject
Global
	GlobalSection(SolutionConfigurationPlatforms) = preSolution
		Debug|Any CPU = Debug|Any CPU
		Release|Any CPU = Release|Any CPU
	EndGlobalSection
	GlobalSection(ProjectConfigurationPlatforms) = postSolution
		{1BFE550D-D263-4CD6-87AD-030D89D3ED05}.Debug|Any CPU.ActiveCfg = Debug|Any CPU
		{1BFE550D-D263-4CD6-87AD-030D89D3ED05}.Debug|Any CPU.Build.0 = Debug|Any CPU
		{1BFE550D-D263-4CD6-87AD-030D89D3ED05}.Release|Any CPU.ActiveCfg = Release|Any CPU
		{1BFE550D-D263-4CD6-87AD-030D89D3ED05}.Release|Any CPU.Build.0 = Release|Any CPU
	EndGlobalSection
	GlobalSection(SolutionProperties) = preSolution
		HideSolutionNode = FALSE
	EndGlobalSection
	GlobalSection(ExtensibilityGlobals) = postSolution
		SolutionGuid = {6683803C-B753-45B1-BC44-7B075817B894}
	EndGlobalSection
EndGlobal
