
Microsoft Visual Studio Solution File, Format Version 12.00
# Visual Studio Version 16
VisualStudioVersion = 16.0.29409.12
MinimumVisualStudioVersion = 10.0.40219.1
Project("{FAE04EC0-301F-11D3-BF4B-00C04F79EFBC}") = "CreatePlateDetail", "CreatePlateDetail\CreatePlateDetail.csproj", "{DB059F69-0FD0-4290-8194-A03E06ABEBE4}"
EndProject
Global
	GlobalSection(SolutionConfigurationPlatforms) = preSolution
		Debug|Any CPU = Debug|Any CPU
		Release|Any CPU = Release|Any CPU
	EndGlobalSection
	GlobalSection(ProjectConfigurationPlatforms) = postSolution
		{DB059F69-0FD0-4290-8194-A03E06ABEBE4}.Debug|Any CPU.ActiveCfg = Debug|Any CPU
		{DB059F69-0FD0-4290-8194-A03E06ABEBE4}.Debug|Any CPU.Build.0 = Debug|Any CPU
		{DB059F69-0FD0-4290-8194-A03E06ABEBE4}.Release|Any CPU.ActiveCfg = Release|Any CPU
		{DB059F69-0FD0-4290-8194-A03E06ABEBE4}.Release|Any CPU.Build.0 = Release|Any CPU
	EndGlobalSection
	GlobalSection(SolutionProperties) = preSolution
		HideSolutionNode = FALSE
	EndGlobalSection
	GlobalSection(ExtensibilityGlobals) = postSolution
		SolutionGuid = {F2E89DF6-8477-41E9-9EFC-9667890BC971}
	EndGlobalSection
EndGlobal
